
Microsoft Visual Studio Solution File, Format Version 12.00
# Visual Studio 15
VisualStudioVersion = 15.0.28010.2046
MinimumVisualStudioVersion = 10.0.40219.1
Project("{FAE04EC0-301F-11D3-BF4B-00C04F79EFBC}") = "Lab№1_Z2", "Lab№1_Z2\Lab№1_Z2.csproj", "{72C4EE32-EC1D-4458-B792-B6D59BBD6F04}"
EndProject
Global
	GlobalSection(SolutionConfigurationPlatforms) = preSolution
		Debug|Any CPU = Debug|Any CPU
		Release|Any CPU = Release|Any CPU
	EndGlobalSection
	GlobalSection(ProjectConfigurationPlatforms) = postSolution
		{72C4EE32-EC1D-4458-B792-B6D59BBD6F04}.Debug|Any CPU.ActiveCfg = Debug|Any CPU
		{72C4EE32-EC1D-4458-B792-B6D59BBD6F04}.Debug|Any CPU.Build.0 = Debug|Any CPU
		{72C4EE32-EC1D-4458-B792-B6D59BBD6F04}.Release|Any CPU.ActiveCfg = Release|Any CPU
		{72C4EE32-EC1D-4458-B792-B6D59BBD6F04}.Release|Any CPU.Build.0 = Release|Any CPU
	EndGlobalSection
	GlobalSection(SolutionProperties) = preSolution
		HideSolutionNode = FALSE
	EndGlobalSection
	GlobalSection(ExtensibilityGlobals) = postSolution
		SolutionGuid = {6FF5F63C-DFEC-4A85-8348-564A7358E075}
	EndGlobalSection
EndGlobal
